
Microsoft Visual Studio Solution File, Format Version 12.00
# Visual Studio Version 17
VisualStudioVersion = 17.14.36915.13 d17.14
MinimumVisualStudioVersion = 10.0.40219.1
Project("{FAE04EC0-301F-11D3-BF4B-00C04F79EFBC}") = "ExamPrep2", "ExamPrep2.csproj", "{465419BD-B5AA-47AE-83BF-E72ACD7EDBC1}"
EndProject
Global
	GlobalSection(SolutionConfigurationPlatforms) = preSolution
		Debug|Any CPU = Debug|Any CPU
		Release|Any CPU = Release|Any CPU
	EndGlobalSection
	GlobalSection(ProjectConfigurationPlatforms) = postSolution
		{465419BD-B5AA-47AE-83BF-E72ACD7EDBC1}.Debug|Any CPU.ActiveCfg = Debug|Any CPU
		{465419BD-B5AA-47AE-83BF-E72ACD7EDBC1}.Debug|Any CPU.Build.0 = Debug|Any CPU
		{465419BD-B5AA-47AE-83BF-E72ACD7EDBC1}.Release|Any CPU.ActiveCfg = Release|Any CPU
		{465419BD-B5AA-47AE-83BF-E72ACD7EDBC1}.Release|Any CPU.Build.0 = Release|Any CPU
	EndGlobalSection
	GlobalSection(SolutionProperties) = preSolution
		HideSolutionNode = FALSE
	EndGlobalSection
	GlobalSection(ExtensibilityGlobals) = postSolution
		SolutionGuid = {650A242B-0E98-42AA-A60C-5E03AD0C86B6}
	EndGlobalSection
EndGlobal
